
Microsoft Visual Studio Solution File, Format Version 12.00
# Visual Studio Version 17
VisualStudioVersion = 17.2.32516.85
MinimumVisualStudioVersion = 10.0.40219.1
Project("{FAE04EC0-301F-11D3-BF4B-00C04F79EFBC}") = "MyTaskToday", "MyTaskToday\MyTaskToday.csproj", "{66D0CF00-D22E-4EBE-AA21-71511CB5C257}"
EndProject
Project("{FAE04EC0-301F-11D3-BF4B-00C04F79EFBC}") = "TaskApi_Models", "TaskApi_Models\TaskApi_Models.csproj", "{DBB0C6B3-868F-4016-A45D-C0305CC9325A}"
EndProject
Project("{FAE04EC0-301F-11D3-BF4B-00C04F79EFBC}") = "TaskApi_Services", "TaskApi_Services\TaskApi_Services.csproj", "{15F3EA34-F6F3-46DB-AB2D-CE92DAEA4186}"
EndProject
Global
	GlobalSection(SolutionConfigurationPlatforms) = preSolution
		Debug|Any CPU = Debug|Any CPU
		Release|Any CPU = Release|Any CPU
	EndGlobalSection
	GlobalSection(ProjectConfigurationPlatforms) = postSolution
		{66D0CF00-D22E-4EBE-AA21-71511CB5C257}.Debug|Any CPU.ActiveCfg = Debug|Any CPU
		{66D0CF00-D22E-4EBE-AA21-71511CB5C257}.Debug|Any CPU.Build.0 = Debug|Any CPU
		{66D0CF00-D22E-4EBE-AA21-71511CB5C257}.Release|Any CPU.ActiveCfg = Release|Any CPU
		{66D0CF00-D22E-4EBE-AA21-71511CB5C257}.Release|Any CPU.Build.0 = Release|Any CPU
		{DBB0C6B3-868F-4016-A45D-C0305CC9325A}.Debug|Any CPU.ActiveCfg = Debug|Any CPU
		{DBB0C6B3-868F-4016-A45D-C0305CC9325A}.Debug|Any CPU.Build.0 = Debug|Any CPU
		{DBB0C6B3-868F-4016-A45D-C0305CC9325A}.Release|Any CPU.ActiveCfg = Release|Any CPU
		{DBB0C6B3-868F-4016-A45D-C0305CC9325A}.Release|Any CPU.Build.0 = Release|Any CPU
		{15F3EA34-F6F3-46DB-AB2D-CE92DAEA4186}.Debug|Any CPU.ActiveCfg = Debug|Any CPU
		{15F3EA34-F6F3-46DB-AB2D-CE92DAEA4186}.Debug|Any CPU.Build.0 = Debug|Any CPU
		{15F3EA34-F6F3-46DB-AB2D-CE92DAEA4186}.Release|Any CPU.ActiveCfg = Release|Any CPU
		{15F3EA34-F6F3-46DB-AB2D-CE92DAEA4186}.Release|Any CPU.Build.0 = Release|Any CPU
	EndGlobalSection
	GlobalSection(SolutionProperties) = preSolution
		HideSolutionNode = FALSE
	EndGlobalSection
	GlobalSection(ExtensibilityGlobals) = postSolution
		SolutionGuid = {24E13C74-9842-4B3A-A67E-287B1C24CBFC}
	EndGlobalSection
EndGlobal
